
Microsoft Visual Studio Solution File, Format Version 12.00
# Visual Studio 15
VisualStudioVersion = 15.0.28307.168
MinimumVisualStudioVersion = 10.0.40219.1
Project("{FAE04EC0-301F-11D3-BF4B-00C04F79EFBC}") = "Addressbook.Tests.Autoit", "Addressbook.Tests.Autoit\Addressbook.Tests.Autoit.csproj", "{6C971C9C-07FF-4C0D-A169-13D99F6657E3}"
EndProject
Global
	GlobalSection(SolutionConfigurationPlatforms) = preSolution
		Debug|Any CPU = Debug|Any CPU
		Release|Any CPU = Release|Any CPU
	EndGlobalSection
	GlobalSection(ProjectConfigurationPlatforms) = postSolution
		{6C971C9C-07FF-4C0D-A169-13D99F6657E3}.Debug|Any CPU.ActiveCfg = Debug|Any CPU
		{6C971C9C-07FF-4C0D-A169-13D99F6657E3}.Debug|Any CPU.Build.0 = Debug|Any CPU
		{6C971C9C-07FF-4C0D-A169-13D99F6657E3}.Release|Any CPU.ActiveCfg = Release|Any CPU
		{6C971C9C-07FF-4C0D-A169-13D99F6657E3}.Release|Any CPU.Build.0 = Release|Any CPU
	EndGlobalSection
	GlobalSection(SolutionProperties) = preSolution
		HideSolutionNode = FALSE
	EndGlobalSection
	GlobalSection(ExtensibilityGlobals) = postSolution
		SolutionGuid = {C76F65E9-85D4-44BA-8826-3163DE088ECC}
	EndGlobalSection
EndGlobal
